
Microsoft Visual Studio Solution File, Format Version 12.00
# Visual Studio Version 16
VisualStudioVersion = 16.0.29609.76
MinimumVisualStudioVersion = 10.0.40219.1
Project("{9A19103F-16F7-4668-BE54-9A1E7A4F7556}") = "NewProjectAPI", "NewProjectAPI.csproj", "{E5AEA49B-3CB4-45A8-B97C-6F4A6ABB5676}"
EndProject
Global
	GlobalSection(SolutionConfigurationPlatforms) = preSolution
		Debug|Any CPU = Debug|Any CPU
		Release|Any CPU = Release|Any CPU
	EndGlobalSection
	GlobalSection(ProjectConfigurationPlatforms) = postSolution
		{E5AEA49B-3CB4-45A8-B97C-6F4A6ABB5676}.Debug|Any CPU.ActiveCfg = Debug|Any CPU
		{E5AEA49B-3CB4-45A8-B97C-6F4A6ABB5676}.Debug|Any CPU.Build.0 = Debug|Any CPU
		{E5AEA49B-3CB4-45A8-B97C-6F4A6ABB5676}.Release|Any CPU.ActiveCfg = Release|Any CPU
		{E5AEA49B-3CB4-45A8-B97C-6F4A6ABB5676}.Release|Any CPU.Build.0 = Release|Any CPU
	EndGlobalSection
	GlobalSection(SolutionProperties) = preSolution
		HideSolutionNode = FALSE
	EndGlobalSection
	GlobalSection(ExtensibilityGlobals) = postSolution
		SolutionGuid = {D4A3C2F9-CE3B-4EA5-89A0-4121B69EA62F}
	EndGlobalSection
EndGlobal
